// !$*UTF8*$!
{
	archiveVersion = 1;
	classes = {
	};
	objectVersion = 46;
	objects = {

/* Begin PBXBuildFile section */
		351291C3197D38B900569089 /* main.m in Sources */ = {isa = PBXBuildFile; fileRef = 351291C2197D38B900569089 /* main.m */; };
		351291C6197D38B900569089 /* AppDelegate.m in Sources */ = {isa = PBXBuildFile; fileRef = 351291C5197D38B900569089 /* AppDelegate.m */; };
		351291C9197D38B900569089 /* ViewController.m in Sources */ = {isa = PBXBuildFile; fileRef = 351291C8197D38B900569089 /* ViewController.m */; };
		351291CC197D38B900569089 /* Main.storyboard in Resources */ = {isa = PBXBuildFile; fileRef = 351291CA197D38B900569089 /* Main.storyboard */; };
		351291CE197D38B900569089 /* Images.xcassets in Resources */ = {isa = PBXBuildFile; fileRef = 351291CD197D38B900569089 /* Images.xcassets */; };
		351291DA197D38B900569089 /* User_Data_Challenge_SolutionTests.m in Sources */ = {isa = PBXBuildFile; fileRef = 351291D9197D38B900569089 /* User_Data_Challenge_SolutionTests.m */; };
		351291E8197D3AA900569089 /* CCUserData.m in Sources */ = {isa = PBXBuildFile; fileRef = 351291E7197D3AA900569089 /* CCUserData.m */; };
		351291ED197D3ABA00569089 /* person1.jpeg in Resources */ = {isa = PBXBuildFile; fileRef = 351291E9197D3ABA00569089 /* person1.jpeg */; };
		351291EE197D3ABA00569089 /* person2.jpeg in Resources */ = {isa = PBXBuildFile; fileRef = 351291EA197D3ABA00569089 /* person2.jpeg */; };
		351291EF197D3ABA00569089 /* person3.jpg in Resources */ = {isa = PBXBuildFile; fileRef = 351291EB197D3ABA00569089 /* person3.jpg */; };
		351291F0197D3ABA00569089 /* person4.jpeg in Resources */ = {isa = PBXBuildFile; fileRef = 351291EC197D3ABA00569089 /* person4.jpeg */; };
/* End PBXBuildFile section */

/* Begin PBXContainerItemProxy section */
		351291D4197D38B900569089 /* PBXContainerItemProxy */ = {
			isa = PBXContainerItemProxy;
			containerPortal = 351291B5197D38B900569089 /* Project object */;
			proxyType = 1;
			remoteGlobalIDString = 351291BC197D38B900569089;
			remoteInfo = "User Data Challenge Solution";
		};
/* End PBXContainerItemProxy section */

/* Begin PBXFileReference section */
		351291BD197D38B900569089 /* User Data Challenge Solution.app */ = {isa = PBXFileReference; explicitFileType = wrapper.application; includeInIndex = 0; path = "User Data Challenge Solution.app"; sourceTree = BUILT_PRODUCTS_DIR; };
		351291C1197D38B900569089 /* Info.plist */ = {isa = PBXFileReference; lastKnownFileType = text.plist.xml; path = Info.plist; sourceTree = "<group>"; };
		351291C2197D38B900569089 /* main.m */ = {isa = PBXFileReference; lastKnownFileType = sourcecode.c.objc; path = main.m; sourceTree = "<group>"; };
		351291C4197D38B900569089 /* AppDelegate.h */ = {isa = PBXFileReference; lastKnownFileType = sourcecode.c.h; path = AppDelegate.h; sourceTree = "<group>"; };
		351291C5197D38B900569089 /* AppDelegate.m */ = {isa = PBXFileReference; lastKnownFileType = sourcecode.c.objc; path = AppDelegate.m; sourceTree = "<group>"; };
		351291C7197D38B900569089 /* ViewController.h */ = {isa = PBXFileReference; lastKnownFileType = sourcecode.c.h; path = ViewController.h; sourceTree = "<group>"; };
		351291C8197D38B900569089 /* ViewController.m */ = {isa = PBXFileReference; lastKnownFileType = sourcecode.c.objc; path = ViewController.m; sourceTree = "<group>"; };
		351291CB197D38B900569089 /* Base */ = {isa = PBXFileReference; lastKnownFileType = file.storyboard; name = Base; path = Base.lproj/Main.storyboard; sourceTree = "<group>"; };
		351291CD197D38B900569089 /* Images.xcassets */ = {isa = PBXFileReference; lastKnownFileType = folder.assetcatalog; path = Images.xcassets; sourceTree = "<group>"; };
		351291D3197D38B900569089 /* User Data Challenge SolutionTests.xctest */ = {isa = PBXFileReference; explicitFileType = wrapper.cfbundle; includeInIndex = 0; path = "User Data Challenge SolutionTests.xctest"; sourceTree = BUILT_PRODUCTS_DIR; };
		351291D8197D38B900569089 /* Info.plist */ = {isa = PBXFileReference; lastKnownFileType = text.plist.xml; path = Info.plist; sourceTree = "<group>"; };
		351291D9197D38B900569089 /* User_Data_Challenge_SolutionTests.m */ = {isa = PBXFileReference; lastKnownFileType = sourcecode.c.objc; path = User_Data_Challenge_SolutionTests.m; sourceTree = "<group>"; };
		351291E6197D3AA900569089 /* CCUserData.h */ = {isa = PBXFileReference; fileEncoding = 4; lastKnownFileType = sourcecode.c.h; path = CCUserData.h; sourceTree = "<group>"; };
		351291E7197D3AA900569089 /* CCUserData.m */ = {isa = PBXFileReference; fileEncoding = 4; lastKnownFileType = sourcecode.c.objc; path = CCUserData.m; sourceTree = "<group>"; };
		351291E9197D3ABA00569089 /* person1.jpeg */ = {isa = PBXFileReference; lastKnownFileType = image.jpeg; path = person1.jpeg; sourceTree = "<group>"; };
		351291EA197D3ABA00569089 /* person2.jpeg */ = {isa = PBXFileReference; lastKnownFileType = image.jpeg; path = person2.jpeg; sourceTree = "<group>"; };
		351291EB197D3ABA00569089 /* person3.jpg */ = {isa = PBXFileReference; lastKnownFileType = image.jpeg; path = person3.jpg; sourceTree = "<group>"; };
		351291EC197D3ABA00569089 /* person4.jpeg */ = {isa = PBXFileReference; lastKnownFileType = image.jpeg; path = person4.jpeg; sourceTree = "<group>"; };
/* End PBXFileReference section */

/* Begin PBXFrameworksBuildPhase section */
		351291BA197D38B900569089 /* Frameworks */ = {
			isa = PBXFrameworksBuildPhase;
			buildActionMask = 2147483647;
			files = (
			);
			runOnlyForDeploymentPostprocessing = 0;
		};
		351291D0197D38B900569089 /* Frameworks */ = {
			isa = PBXFrameworksBuildPhase;
			buildActionMask = 2147483647;
			files = (
			);
			runOnlyForDeploymentPostprocessing = 0;
		};
/* End PBXFrameworksBuildPhase section */

/* Begin PBXGroup section */
		351291B4197D38B900569089 = {
			isa = PBXGroup;
			children = (
				351291BF197D38B900569089 /* User Data Challenge Solution */,
				351291D6197D38B900569089 /* User Data Challenge SolutionTests */,
				351291BE197D38B900569089 /* Products */,
			);
			sourceTree = "<group>";
		};
		351291BE197D38B900569089 /* Products */ = {
			isa = PBXGroup;
			children = (
				351291BD197D38B900569089 /* User Data Challenge Solution.app */,
				351291D3197D38B900569089 /* User Data Challenge SolutionTests.xctest */,
			);
			name = Products;
			sourceTree = "<group>";
		};
		351291BF197D38B900569089 /* User Data Challenge Solution */ = {
			isa = PBXGroup;
			children = (
				351291C4197D38B900569089 /* AppDelegate.h */,
				351291C5197D38B900569089 /* AppDelegate.m */,
				351291C7197D38B900569089 /* ViewController.h */,
				351291C8197D38B900569089 /* ViewController.m */,
				351291CA197D38B900569089 /* Main.storyboard */,
				351291CD197D38B900569089 /* Images.xcassets */,
				351291C0197D38B900569089 /* Supporting Files */,
			);
			path = "User Data Challenge Solution";
			sourceTree = "<group>";
		};
		351291C0197D38B900569089 /* Supporting Files */ = {
			isa = PBXGroup;
			children = (
				351291F1197D3AC400569089 /* images */,
				351291F2197D3ACC00569089 /* 3rd party libraries */,
				351291C1197D38B900569089 /* Info.plist */,
				351291C2197D38B900569089 /* main.m */,
			);
			name = "Supporting Files";
			sourceTree = "<group>";
		};
		351291D6197D38B900569089 /* User Data Challenge SolutionTests */ = {
			isa = PBXGroup;
			children = (
				351291D9197D38B900569089 /* User_Data_Challenge_SolutionTests.m */,
				351291D7197D38B900569089 /* Supporting Files */,
			);
			path = "User Data Challenge SolutionTests";
			sourceTree = "<group>";
		};
		351291D7197D38B900569089 /* Supporting Files */ = {
			isa = PBXGroup;
			children = (
				351291D8197D38B900569089 /* Info.plist */,
			);
			name = "Supporting Files";
			sourceTree = "<group>";
		};
		351291F1197D3AC400569089 /* images */ = {
			isa = PBXGroup;
			children = (
				351291E9197D3ABA00569089 /* person1.jpeg */,
				351291EA197D3ABA00569089 /* person2.jpeg */,
				351291EB197D3ABA00569089 /* person3.jpg */,
				351291EC197D3ABA00569089 /* person4.jpeg */,
			);
			name = images;
			sourceTree = "<group>";
		};
		351291F2197D3ACC00569089 /* 3rd party libraries */ = {
			isa = PBXGroup;
			children = (
				351291E6197D3AA900569089 /* CCUserData.h */,
				351291E7197D3AA900569089 /* CCUserData.m */,
			);
			name = "3rd party libraries";
			sourceTree = "<group>";
		};
/* End PBXGroup section */

/* Begin PBXNativeTarget section */
		351291BC197D38B900569089 /* User Data Challenge Solution */ = {
			isa = PBXNativeTarget;
			buildConfigurationList = 351291DD197D38B900569089 /* Build configuration list for PBXNativeTarget "User Data Challenge Solution" */;
			buildPhases = (
				351291B9197D38B900569089 /* Sources */,
				351291BA197D38B900569089 /* Frameworks */,
				351291BB197D38B900569089 /* Resources */,
			);
			buildRules = (
			);
			dependencies = (
			);
			name = "User Data Challenge Solution";
			productName = "User Data Challenge Solution";
			productReference = 351291BD197D38B900569089 /* User Data Challenge Solution.app */;
			productType = "com.apple.product-type.application";
		};
		351291D2197D38B900569089 /* User Data Challenge SolutionTests */ = {
			isa = PBXNativeTarget;
			buildConfigurationList = 351291E0197D38B900569089 /* Build configuration list for PBXNativeTarget "User Data Challenge SolutionTests" */;
			buildPhases = (
				351291CF197D38B900569089 /* Sources */,
				351291D0197D38B900569089 /* Frameworks */,
				351291D1197D38B900569089 /* Resources */,
			);
			buildRules = (
			);
			dependencies = (
				351291D5197D38B900569089 /* PBXTargetDependency */,
			);
			name = "User Data Challenge SolutionTests";
			productName = "User Data Challenge SolutionTests";
			productReference = 351291D3197D38B900569089 /* User Data Challenge SolutionTests.xctest */;
			productType = "com.apple.product-type.bundle.unit-test";
		};
/* End PBXNativeTarget section */

/* Begin PBXProject section */
		351291B5197D38B900569089 /* Project object */ = {
			isa = PBXProject;
			attributes = {
				LastUpgradeCheck = 0600;
				ORGANIZATIONNAME = Expectancy;
				TargetAttributes = {
					351291BC197D38B900569089 = {
						CreatedOnToolsVersion = 6.0;
					};
					351291D2197D38B900569089 = {
						CreatedOnToolsVersion = 6.0;
						TestTargetID = 351291BC197D38B900569089;
					};
				};
			};
			buildConfigurationList = 351291B8197D38B900569089 /* Build configuration list for PBXProject "User Data Challenge Solution" */;
			compatibilityVersion = "Xcode 3.2";
			developmentRegion = English;
			hasScannedForEncodings = 0;
			knownRegions = (
				en,
				Base,
			);
			mainGroup = 351291B4197D38B900569089;
			productRefGroup = 351291BE197D38B900569089 /* Products */;
			projectDirPath = "";
			projectRoot = "";
			targets = (
				351291BC197D38B900569089 /* User Data Challenge Solution */,
				351291D2197D38B900569089 /* User Data Challenge SolutionTests */,
			);
		};
/* End PBXProject section */

/* Begin PBXResourcesBuildPhase section */
		351291BB197D38B900569089 /* Resources */ = {
			isa = PBXResourcesBuildPhase;
			buildActionMask = 2147483647;
			files = (
				351291CC197D38B900569089 /* Main.storyboard in Resources */,
				351291EE197D3ABA00569089 /* person2.jpeg in Resources */,
				351291CE197D38B900569089 /* Images.xcassets in Resources */,
				351291ED197D3ABA00569089 /* person1.jpeg in Resources */,
				351291EF197D3ABA00569089 /* person3.jpg in Resources */,
				351291F0197D3ABA00569089 /* person4.jpeg in Resources */,
			);
			runOnlyForDeploymentPostprocessing = 0;
		};
		351291D1197D38B900569089 /* Resources */ = {
			isa = PBXResourcesBuildPhase;
			buildActionMask = 2147483647;
			files = (
			);
			runOnlyForDeploymentPostprocessing = 0;
		};
/* End PBXResourcesBuildPhase section */

/* Begin PBXSourcesBuildPhase section */
		351291B9197D38B900569089 /* Sources */ = {
			isa = PBXSourcesBuildPhase;
			buildActionMask = 2147483647;
			files = (
				351291C9197D38B900569089 /* ViewController.m in Sources */,
				351291E8197D3AA900569089 /* CCUserData.m in Sources */,
				351291C6197D38B900569089 /* AppDelegate.m in Sources */,
				351291C3197D38B900569089 /* main.m in Sources */,
			);
			runOnlyForDeploymentPostprocessing = 0;
		};
		351291CF197D38B900569089 /* Sources */ = {
			isa = PBXSourcesBuildPhase;
			buildActionMask = 2147483647;
			files = (
				351291DA197D38B900569089 /* User_Data_Challenge_SolutionTests.m in Sources */,
			);
			runOnlyForDeploymentPostprocessing = 0;
		};
/* End PBXSourcesBuildPhase section */

/* Begin PBXTargetDependency section */
		351291D5197D38B900569089 /* PBXTargetDependency */ = {
			isa = PBXTargetDependency;
			target = 351291BC197D38B900569089 /* User Data Challenge Solution */;
			targetProxy = 351291D4197D38B900569089 /* PBXContainerItemProxy */;
		};
/* End PBXTargetDependency section */

/* Begin PBXVariantGroup section */
		351291CA197D38B900569089 /* Main.storyboard */ = {
			isa = PBXVariantGroup;
			children = (
				351291CB197D38B900569089 /* Base */,
			);
			name = Main.storyboard;
			sourceTree = "<group>";
		};
/* End PBXVariantGroup section */

/* Begin XCBuildConfiguration section */
		351291DB197D38B900569089 /* Debug */ = {
			isa = XCBuildConfiguration;
			buildSettings = {
				ALWAYS_SEARCH_USER_PATHS = NO;
				CLANG_CXX_LANGUAGE_STANDARD = "gnu++0x";
				CLANG_CXX_LIBRARY = "libc++";
				CLANG_ENABLE_MODULES = YES;
				CLANG_ENABLE_OBJC_ARC = YES;
				CLANG_WARN_BOOL_CONVERSION = YES;
				CLANG_WARN_CONSTANT_CONVERSION = YES;
				CLANG_WARN_DIRECT_OBJC_ISA_USAGE = YES_ERROR;
				CLANG_WARN_EMPTY_BODY = YES;
				CLANG_WARN_ENUM_CONVERSION = YES;
				CLANG_WARN_INT_CONVERSION = YES;
				CLANG_WARN_OBJC_ROOT_CLASS = YES_ERROR;
				CLANG_WARN_UNREACHABLE_CODE = YES;
				CLANG_WARN__DUPLICATE_METHOD_MATCH = YES;
				"CODE_SIGN_IDENTITY[sdk=iphoneos*]" = "iPhone Developer";
				COPY_PHASE_STRIP = NO;
				ENABLE_STRICT_OBJC_MSGSEND = YES;
				GCC_C_LANGUAGE_STANDARD = gnu99;
				GCC_DYNAMIC_NO_PIC = NO;
				GCC_OPTIMIZATION_LEVEL = 0;
				GCC_PREPROCESSOR_DEFINITIONS = (
					"DEBUG=1",
					"$(inherited)",
				);
				GCC_SYMBOLS_PRIVATE_EXTERN = NO;
				GCC_WARN_64_TO_32_BIT_CONVERSION = YES;
				GCC_WARN_ABOUT_RETURN_TYPE = YES_ERROR;
				GCC_WARN_UNDECLARED_SELECTOR = YES;
				GCC_WARN_UNINITIALIZED_AUTOS = YES_AGGRESSIVE;
				GCC_WARN_UNUSED_FUNCTION = YES;
				GCC_WARN_UNUSED_VARIABLE = YES;
				IPHONEOS_DEPLOYMENT_TARGET = 8.0;
				METAL_ENABLE_DEBUG_INFO = YES;
				ONLY_ACTIVE_ARCH = YES;
				SDKROOT = iphoneos;
			};
			name = Debug;
		};
		351291DC197D38B900569089 /* Release */ = {
			isa = XCBuildConfiguration;
			buildSettings = {
				ALWAYS_SEARCH_USER_PATHS = NO;
				CLANG_CXX_LANGUAGE_STANDARD = "gnu++0x";
				CLANG_CXX_LIBRARY = "libc++";
				CLANG_ENABLE_MODULES = YES;
				CLANG_ENABLE_OBJC_ARC = YES;
				CLANG_WARN_BOOL_CONVERSION = YES;
				CLANG_WARN_CONSTANT_CONVERSION = YES;
				CLANG_WARN_DIRECT_OBJC_ISA_USAGE = YES_ERROR;
				CLANG_WARN_EMPTY_BODY = YES;
				CLANG_WARN_ENUM_CONVERSION = YES;
				CLANG_WARN_INT_CONVERSION = YES;
				CLANG_WARN_OBJC_ROOT_CLASS = YES_ERROR;
				CLANG_WARN_UNREACHABLE_CODE = YES;
				CLANG_WARN__DUPLICATE_METHOD_MATCH = YES;
				"CODE_SIGN_IDENTITY[sdk=iphoneos*]" = "iPhone Developer";
				COPY_PHASE_STRIP = YES;
				ENABLE_NS_ASSERTIONS = NO;
				ENABLE_STRICT_OBJC_MSGSEND = YES;
				GCC_C_LANGUAGE_STANDARD = gnu99;
				GCC_WARN_64_TO_32_BIT_CONVERSION = YES;
				GCC_WARN_ABOUT_RETURN_TYPE = YES_ERROR;
				GCC_WARN_UNDECLARED_SELECTOR = YES;
				GCC_WARN_UNINITIALIZED_AUTOS = YES_AGGRESSIVE;
				GCC_WARN_UNUSED_FUNCTION = YES;
				GCC_WARN_UNUSED_VARIABLE = YES;
				IPHONEOS_DEPLOYMENT_TARGET = 8.0;
				METAL_ENABLE_DEBUG_INFO = NO;
				SDKROOT = iphoneos;
				VALIDATE_PRODUCT = YES;
			};
			name = Release;
		};
		351291DE197D38B900569089 /* Debug */ = {
			isa = XCBuildConfiguration;
			buildSettings = {
				ASSETCATALOG_COMPILER_APPICON_NAME = AppIcon;
				ASSETCATALOG_COMPILER_LAUNCHIMAGE_NAME = LaunchImage;
				INFOPLIST_FILE = "User Data Challenge Solution/Info.plist";
				LD_RUNPATH_SEARCH_PATHS = "$(inherited) @executable_path/Frameworks";
				PRODUCT_NAME = "$(TARGET_NAME)";
			};
			name = Debug;
		};
		351291DF197D38B900569089 /* Release */ = {
			isa = XCBuildConfiguration;
			buildSettings = {
				ASSETCATALOG_COMPILER_APPICON_NAME = AppIcon;
				ASSETCATALOG_COMPILER_LAUNCHIMAGE_NAME = LaunchImage;
				INFOPLIST_FILE = "User Data Challenge Solution/Info.plist";
				LD_RUNPATH_SEARCH_PATHS = "$(inherited) @executable_path/Frameworks";
				PRODUCT_NAME = "$(TARGET_NAME)";
			};
			name = Release;
		};
		351291E1197D38B900569089 /* Debug */ = {
			isa = XCBuildConfiguration;
			buildSettings = {
				BUNDLE_LOADER = "$(BUILT_PRODUCTS_DIR)/User Data Challenge Solution.app/User Data Challenge Solution";
				FRAMEWORK_SEARCH_PATHS = (
					"$(SDKROOT)/Developer/Library/Frameworks",
					"$(inherited)",
				);
				GCC_PREPROCESSOR_DEFINITIONS = (
					"DEBUG=1",
					"$(inherited)",
				);
				INFOPLIST_FILE = "User Data Challenge SolutionTests/Info.plist";
				LD_RUNPATH_SEARCH_PATHS = "$(inherited) @executable_path/Frameworks @loader_path/Frameworks";
				METAL_ENABLE_DEBUG_INFO = YES;
				PRODUCT_NAME = "$(TARGET_NAME)";
				TEST_HOST = "$(BUNDLE_LOADER)";
			};
			name = Debug;
		};
		351291E2197D38B900569089 /* Release */ = {
			isa = XCBuildConfiguration;
			buildSettings = {
				BUNDLE_LOADER = "$(BUILT_PRODUCTS_DIR)/User Data Challenge Solution.app/User Data Challenge Solution";
				FRAMEWORK_SEARCH_PATHS = (
					"$(SDKROOT)/Developer/Library/Frameworks",
					"$(inherited)",
				);
				INFOPLIST_FILE = "User Data Challenge SolutionTests/Info.plist";
				LD_RUNPATH_SEARCH_PATHS = "$(inherited) @executable_path/Frameworks @loader_path/Frameworks";
				METAL_ENABLE_DEBUG_INFO = NO;
				PRODUCT_NAME = "$(TARGET_NAME)";
				TEST_HOST = "$(BUNDLE_LOADER)";
			};
			name = Release;
		};
/* End XCBuildConfiguration section */

/* Begin XCConfigurationList section */
		351291B8197D38B900569089 /* Build configuration list for PBXProject "User Data Challenge Solution" */ = {
			isa = XCConfigurationList;
			buildConfigurations = (
				351291DB197D38B900569089 /* Debug */,
				351291DC197D38B900569089 /* Release */,
			);
			defaultConfigurationIsVisible = 0;
			defaultConfigurationName = Release;
		};
		351291DD197D38B900569089 /* Build configuration list for PBXNativeTarget "User Data Challenge Solution" */ = {
			isa = XCConfigurationList;
			buildConfigurations = (
				351291DE197D38B900569089 /* Debug */,
				351291DF197D38B900569089 /* Release */,
			);
			defaultConfigurationIsVisible = 0;
		};
		351291E0197D38B900569089 /* Build configuration list for PBXNativeTarget "User Data Challenge SolutionTests" */ = {
			isa = XCConfigurationList;
			buildConfigurations = (
				351291E1197D38B900569089 /* Debug */,
				351291E2197D38B900569089 /* Release */,
			);
			defaultConfigurationIsVisible = 0;
		};
/* End XCConfigurationList section */
	};
	rootObject = 351291B5197D38B900569089 /* Project object */;
}
